
Microsoft Visual Studio Solution File, Format Version 12.00
# Visual Studio 14
VisualStudioVersion = 14.0.25420.1
MinimumVisualStudioVersion = 10.0.40219.1
Project("{E729F059-12D4-455F-A2A4-FDA8DD25E08A}") = "Setup", "Setup.isproj", "{73BBB5E0-DB60-4E60-8F97-60753CE941FC}"
EndProject
Global
	GlobalSection(SolutionConfigurationPlatforms) = preSolution
		Debug|Default = Debug|Default
		Release|Default = Release|Default
	EndGlobalSection
	GlobalSection(ProjectConfigurationPlatforms) = postSolution
		{73BBB5E0-DB60-4E60-8F97-60753CE941FC}.Debug|Default.ActiveCfg = Debug
		{73BBB5E0-DB60-4E60-8F97-60753CE941FC}.Debug|Default.Build.0 = Debug
		{73BBB5E0-DB60-4E60-8F97-60753CE941FC}.Release|Default.ActiveCfg = Release
		{73BBB5E0-DB60-4E60-8F97-60753CE941FC}.Release|Default.Build.0 = Release
	EndGlobalSection
	GlobalSection(SolutionProperties) = preSolution
		HideSolutionNode = FALSE
	EndGlobalSection
EndGlobal
